
Microsoft Visual Studio Solution File, Format Version 12.00
# Visual Studio Version 17
VisualStudioVersion = 17.4.33205.214
MinimumVisualStudioVersion = 10.0.40219.1
Project("{9A19103F-16F7-4668-BE54-9A1E7A4F7556}") = "Singleton", "Singleton\Singleton.csproj", "{74ABA4CD-2C50-49B7-BF77-3F747B3E78A4}"
EndProject
Project("{2150E333-8FDC-42A3-9474-1A3956D46DE8}") = "A - Creational", "A - Creational", "{F6A7B8B5-8119-4446-83FE-5058533379D3}"
EndProject
Project("{2150E333-8FDC-42A3-9474-1A3956D46DE8}") = "B - Structural", "B - Structural", "{6E5AD919-E61A-439E-84D8-09C336893FA5}"
EndProject
Project("{2150E333-8FDC-42A3-9474-1A3956D46DE8}") = "C - Behavioral", "C - Behavioral", "{CA9DE4D8-228F-48C9-984E-B1E386D5D9F8}"
EndProject
Project("{2150E333-8FDC-42A3-9474-1A3956D46DE8}") = "01 - Singleton", "01 - Singleton", "{ECC44641-2457-43DC-B6EC-8E7373F0762D}"
EndProject
Project("{2150E333-8FDC-42A3-9474-1A3956D46DE8}") = "02 - Factory Method", "02 - Factory Method", "{F3FE3676-FCD8-473C-8655-0EF7E066BBD3}"
EndProject
Project("{9A19103F-16F7-4668-BE54-9A1E7A4F7556}") = "FactoryMethod", "FactoryMethod\FactoryMethod.csproj", "{471998D2-2A96-4DC7-886E-19D3ADFE2989}"
EndProject
Project("{2150E333-8FDC-42A3-9474-1A3956D46DE8}") = "03 - Abstract Factory", "03 - Abstract Factory", "{E29957C8-D1D0-4918-B3F8-041047A8E67F}"
EndProject
Project("{9A19103F-16F7-4668-BE54-9A1E7A4F7556}") = "AbstractFactory", "AbstractFactory\AbstractFactory.csproj", "{34DEE1F7-1DFD-4403-8D81-796F844EBB82}"
EndProject
Project("{2150E333-8FDC-42A3-9474-1A3956D46DE8}") = "04 - Builder", "04 - Builder", "{F31F2911-04EF-4242-8822-FE9A165D76FB}"
EndProject
Project("{9A19103F-16F7-4668-BE54-9A1E7A4F7556}") = "Builder", "Builder\Builder.csproj", "{97D84ED1-E4ED-4A34-97D6-9303E08CFDA1}"
EndProject
Project("{2150E333-8FDC-42A3-9474-1A3956D46DE8}") = "05 - Prototype", "05 - Prototype", "{B56056E7-1C3E-423F-8E0E-707D6042AF33}"
EndProject
Project("{9A19103F-16F7-4668-BE54-9A1E7A4F7556}") = "Prototype", "Prototype\Prototype.csproj", "{2181D564-E73C-4252-AC9B-3035A4AA0EAE}"
EndProject
Project("{2150E333-8FDC-42A3-9474-1A3956D46DE8}") = "06 - Adapter", "06 - Adapter", "{0827A16C-8644-4AC7-9FE6-54D51177C293}"
EndProject
Project("{9A19103F-16F7-4668-BE54-9A1E7A4F7556}") = "Adapter", "Adapter\Adapter.csproj", "{228709FC-0003-4CBC-9F7F-4E9160092FE5}"
EndProject
Project("{2150E333-8FDC-42A3-9474-1A3956D46DE8}") = "07 - Bridge", "07 - Bridge", "{2A50E0AF-4914-48D7-9866-B6D56E30CAF3}"
EndProject
Project("{9A19103F-16F7-4668-BE54-9A1E7A4F7556}") = "Bridge", "Bridge\Bridge.csproj", "{4196CF19-6F29-4725-BEC9-300A864CE4B4}"
EndProject
Project("{2150E333-8FDC-42A3-9474-1A3956D46DE8}") = "08 - Decorator", "08 - Decorator", "{2C02ADC6-6A05-4693-A1FA-DD3BA43EA940}"
EndProject
Project("{9A19103F-16F7-4668-BE54-9A1E7A4F7556}") = "Decorator", "Decorator\Decorator.csproj", "{D6A88AB3-DB49-41B7-9237-F26F6FDAE730}"
EndProject
Project("{2150E333-8FDC-42A3-9474-1A3956D46DE8}") = "09 - Composite", "09 - Composite", "{EBB9BD28-7681-4651-9BFF-680FB11AE372}"
EndProject
Project("{FAE04EC0-301F-11D3-BF4B-00C04F79EFBC}") = "Composite", "Composite\Composite.csproj", "{7037EB0E-B8D2-43E5-AF68-515EDCDE3EF2}"
EndProject
Project("{2150E333-8FDC-42A3-9474-1A3956D46DE8}") = "10 - Facade", "10 - Facade", "{BAB3CFA3-531F-459E-9027-2DAFE619D2B4}"
EndProject
Project("{FAE04EC0-301F-11D3-BF4B-00C04F79EFBC}") = "Facade", "Facade\Facade.csproj", "{77738544-92EF-4D96-8FC5-1724B2E5D807}"
EndProject
Project("{2150E333-8FDC-42A3-9474-1A3956D46DE8}") = "11 - Proxy", "11 - Proxy", "{61D1DBD6-6DD3-4800-9BFB-DB2191582A0A}"
EndProject
Project("{FAE04EC0-301F-11D3-BF4B-00C04F79EFBC}") = "Proxy", "Proxy\Proxy.csproj", "{B991F66E-3D9A-49CD-9E35-66C2627EC0E8}"
EndProject
Project("{2150E333-8FDC-42A3-9474-1A3956D46DE8}") = "Flyweight", "Flyweight", "{2913C080-5933-4EFC-844B-7FC406D6B260}"
EndProject
Project("{FAE04EC0-301F-11D3-BF4B-00C04F79EFBC}") = "Flyweight", "Flyweight\Flyweight.csproj", "{6F35AAA6-791D-40D5-A076-24DE47401D29}"
EndProject
Global
	GlobalSection(SolutionConfigurationPlatforms) = preSolution
		Debug|Any CPU = Debug|Any CPU
		Release|Any CPU = Release|Any CPU
	EndGlobalSection
	GlobalSection(ProjectConfigurationPlatforms) = postSolution
		{74ABA4CD-2C50-49B7-BF77-3F747B3E78A4}.Debug|Any CPU.ActiveCfg = Debug|Any CPU
		{74ABA4CD-2C50-49B7-BF77-3F747B3E78A4}.Debug|Any CPU.Build.0 = Debug|Any CPU
		{74ABA4CD-2C50-49B7-BF77-3F747B3E78A4}.Release|Any CPU.ActiveCfg = Release|Any CPU
		{74ABA4CD-2C50-49B7-BF77-3F747B3E78A4}.Release|Any CPU.Build.0 = Release|Any CPU
		{471998D2-2A96-4DC7-886E-19D3ADFE2989}.Debug|Any CPU.ActiveCfg = Debug|Any CPU
		{471998D2-2A96-4DC7-886E-19D3ADFE2989}.Debug|Any CPU.Build.0 = Debug|Any CPU
		{471998D2-2A96-4DC7-886E-19D3ADFE2989}.Release|Any CPU.ActiveCfg = Release|Any CPU
		{471998D2-2A96-4DC7-886E-19D3ADFE2989}.Release|Any CPU.Build.0 = Release|Any CPU
		{34DEE1F7-1DFD-4403-8D81-796F844EBB82}.Debug|Any CPU.ActiveCfg = Debug|Any CPU
		{34DEE1F7-1DFD-4403-8D81-796F844EBB82}.Debug|Any CPU.Build.0 = Debug|Any CPU
		{34DEE1F7-1DFD-4403-8D81-796F844EBB82}.Release|Any CPU.ActiveCfg = Release|Any CPU
		{34DEE1F7-1DFD-4403-8D81-796F844EBB82}.Release|Any CPU.Build.0 = Release|Any CPU
		{97D84ED1-E4ED-4A34-97D6-9303E08CFDA1}.Debug|Any CPU.ActiveCfg = Debug|Any CPU
		{97D84ED1-E4ED-4A34-97D6-9303E08CFDA1}.Debug|Any CPU.Build.0 = Debug|Any CPU
		{97D84ED1-E4ED-4A34-97D6-9303E08CFDA1}.Release|Any CPU.ActiveCfg = Release|Any CPU
		{97D84ED1-E4ED-4A34-97D6-9303E08CFDA1}.Release|Any CPU.Build.0 = Release|Any CPU
		{2181D564-E73C-4252-AC9B-3035A4AA0EAE}.Debug|Any CPU.ActiveCfg = Debug|Any CPU
		{2181D564-E73C-4252-AC9B-3035A4AA0EAE}.Debug|Any CPU.Build.0 = Debug|Any CPU
		{2181D564-E73C-4252-AC9B-3035A4AA0EAE}.Release|Any CPU.ActiveCfg = Release|Any CPU
		{2181D564-E73C-4252-AC9B-3035A4AA0EAE}.Release|Any CPU.Build.0 = Release|Any CPU
		{228709FC-0003-4CBC-9F7F-4E9160092FE5}.Debug|Any CPU.ActiveCfg = Debug|Any CPU
		{228709FC-0003-4CBC-9F7F-4E9160092FE5}.Debug|Any CPU.Build.0 = Debug|Any CPU
		{228709FC-0003-4CBC-9F7F-4E9160092FE5}.Release|Any CPU.ActiveCfg = Release|Any CPU
		{228709FC-0003-4CBC-9F7F-4E9160092FE5}.Release|Any CPU.Build.0 = Release|Any CPU
		{4196CF19-6F29-4725-BEC9-300A864CE4B4}.Debug|Any CPU.ActiveCfg = Debug|Any CPU
		{4196CF19-6F29-4725-BEC9-300A864CE4B4}.Debug|Any CPU.Build.0 = Debug|Any CPU
		{4196CF19-6F29-4725-BEC9-300A864CE4B4}.Release|Any CPU.ActiveCfg = Release|Any CPU
		{4196CF19-6F29-4725-BEC9-300A864CE4B4}.Release|Any CPU.Build.0 = Release|Any CPU
		{D6A88AB3-DB49-41B7-9237-F26F6FDAE730}.Debug|Any CPU.ActiveCfg = Debug|Any CPU
		{D6A88AB3-DB49-41B7-9237-F26F6FDAE730}.Debug|Any CPU.Build.0 = Debug|Any CPU
		{D6A88AB3-DB49-41B7-9237-F26F6FDAE730}.Release|Any CPU.ActiveCfg = Release|Any CPU
		{D6A88AB3-DB49-41B7-9237-F26F6FDAE730}.Release|Any CPU.Build.0 = Release|Any CPU
		{7037EB0E-B8D2-43E5-AF68-515EDCDE3EF2}.Debug|Any CPU.ActiveCfg = Debug|Any CPU
		{7037EB0E-B8D2-43E5-AF68-515EDCDE3EF2}.Debug|Any CPU.Build.0 = Debug|Any CPU
		{7037EB0E-B8D2-43E5-AF68-515EDCDE3EF2}.Release|Any CPU.ActiveCfg = Release|Any CPU
		{7037EB0E-B8D2-43E5-AF68-515EDCDE3EF2}.Release|Any CPU.Build.0 = Release|Any CPU
		{77738544-92EF-4D96-8FC5-1724B2E5D807}.Debug|Any CPU.ActiveCfg = Debug|Any CPU
		{77738544-92EF-4D96-8FC5-1724B2E5D807}.Debug|Any CPU.Build.0 = Debug|Any CPU
		{77738544-92EF-4D96-8FC5-1724B2E5D807}.Release|Any CPU.ActiveCfg = Release|Any CPU
		{77738544-92EF-4D96-8FC5-1724B2E5D807}.Release|Any CPU.Build.0 = Release|Any CPU
		{B991F66E-3D9A-49CD-9E35-66C2627EC0E8}.Debug|Any CPU.ActiveCfg = Debug|Any CPU
		{B991F66E-3D9A-49CD-9E35-66C2627EC0E8}.Debug|Any CPU.Build.0 = Debug|Any CPU
		{B991F66E-3D9A-49CD-9E35-66C2627EC0E8}.Release|Any CPU.ActiveCfg = Release|Any CPU
		{B991F66E-3D9A-49CD-9E35-66C2627EC0E8}.Release|Any CPU.Build.0 = Release|Any CPU
		{6F35AAA6-791D-40D5-A076-24DE47401D29}.Debug|Any CPU.ActiveCfg = Debug|Any CPU
		{6F35AAA6-791D-40D5-A076-24DE47401D29}.Debug|Any CPU.Build.0 = Debug|Any CPU
		{6F35AAA6-791D-40D5-A076-24DE47401D29}.Release|Any CPU.ActiveCfg = Release|Any CPU
		{6F35AAA6-791D-40D5-A076-24DE47401D29}.Release|Any CPU.Build.0 = Release|Any CPU
	EndGlobalSection
	GlobalSection(SolutionProperties) = preSolution
		HideSolutionNode = FALSE
	EndGlobalSection
	GlobalSection(NestedProjects) = preSolution
		{74ABA4CD-2C50-49B7-BF77-3F747B3E78A4} = {ECC44641-2457-43DC-B6EC-8E7373F0762D}
		{ECC44641-2457-43DC-B6EC-8E7373F0762D} = {F6A7B8B5-8119-4446-83FE-5058533379D3}
		{F3FE3676-FCD8-473C-8655-0EF7E066BBD3} = {F6A7B8B5-8119-4446-83FE-5058533379D3}
		{471998D2-2A96-4DC7-886E-19D3ADFE2989} = {F3FE3676-FCD8-473C-8655-0EF7E066BBD3}
		{E29957C8-D1D0-4918-B3F8-041047A8E67F} = {F6A7B8B5-8119-4446-83FE-5058533379D3}
		{34DEE1F7-1DFD-4403-8D81-796F844EBB82} = {E29957C8-D1D0-4918-B3F8-041047A8E67F}
		{F31F2911-04EF-4242-8822-FE9A165D76FB} = {F6A7B8B5-8119-4446-83FE-5058533379D3}
		{97D84ED1-E4ED-4A34-97D6-9303E08CFDA1} = {F31F2911-04EF-4242-8822-FE9A165D76FB}
		{B56056E7-1C3E-423F-8E0E-707D6042AF33} = {F6A7B8B5-8119-4446-83FE-5058533379D3}
		{2181D564-E73C-4252-AC9B-3035A4AA0EAE} = {B56056E7-1C3E-423F-8E0E-707D6042AF33}
		{0827A16C-8644-4AC7-9FE6-54D51177C293} = {6E5AD919-E61A-439E-84D8-09C336893FA5}
		{228709FC-0003-4CBC-9F7F-4E9160092FE5} = {0827A16C-8644-4AC7-9FE6-54D51177C293}
		{2A50E0AF-4914-48D7-9866-B6D56E30CAF3} = {6E5AD919-E61A-439E-84D8-09C336893FA5}
		{4196CF19-6F29-4725-BEC9-300A864CE4B4} = {2A50E0AF-4914-48D7-9866-B6D56E30CAF3}
		{2C02ADC6-6A05-4693-A1FA-DD3BA43EA940} = {6E5AD919-E61A-439E-84D8-09C336893FA5}
		{D6A88AB3-DB49-41B7-9237-F26F6FDAE730} = {2C02ADC6-6A05-4693-A1FA-DD3BA43EA940}
		{EBB9BD28-7681-4651-9BFF-680FB11AE372} = {6E5AD919-E61A-439E-84D8-09C336893FA5}
		{7037EB0E-B8D2-43E5-AF68-515EDCDE3EF2} = {EBB9BD28-7681-4651-9BFF-680FB11AE372}
		{BAB3CFA3-531F-459E-9027-2DAFE619D2B4} = {6E5AD919-E61A-439E-84D8-09C336893FA5}
		{77738544-92EF-4D96-8FC5-1724B2E5D807} = {BAB3CFA3-531F-459E-9027-2DAFE619D2B4}
		{61D1DBD6-6DD3-4800-9BFB-DB2191582A0A} = {6E5AD919-E61A-439E-84D8-09C336893FA5}
		{B991F66E-3D9A-49CD-9E35-66C2627EC0E8} = {61D1DBD6-6DD3-4800-9BFB-DB2191582A0A}
		{2913C080-5933-4EFC-844B-7FC406D6B260} = {6E5AD919-E61A-439E-84D8-09C336893FA5}
		{6F35AAA6-791D-40D5-A076-24DE47401D29} = {2913C080-5933-4EFC-844B-7FC406D6B260}
	EndGlobalSection
	GlobalSection(ExtensibilityGlobals) = postSolution
		SolutionGuid = {40E300F4-10CB-4D2B-A092-9294398CD4E9}
	EndGlobalSection
EndGlobal
